
Microsoft Visual Studio Solution File, Format Version 12.00
# Visual Studio Version 16
VisualStudioVersion = 16.0.30523.141
MinimumVisualStudioVersion = 10.0.40219.1
Project("{FAE04EC0-301F-11D3-BF4B-00C04F79EFBC}") = "SeedCollection_API_Sagar", "SeedCollection_API_Sagar\SeedCollection_API_Sagar.csproj", "{4F838349-882A-48F1-9CB3-F34B523DB760}"
EndProject
Global
	GlobalSection(SolutionConfigurationPlatforms) = preSolution
		Debug|Any CPU = Debug|Any CPU
		Release|Any CPU = Release|Any CPU
	EndGlobalSection
	GlobalSection(ProjectConfigurationPlatforms) = postSolution
		{4F838349-882A-48F1-9CB3-F34B523DB760}.Debug|Any CPU.ActiveCfg = Debug|Any CPU
		{4F838349-882A-48F1-9CB3-F34B523DB760}.Debug|Any CPU.Build.0 = Debug|Any CPU
		{4F838349-882A-48F1-9CB3-F34B523DB760}.Release|Any CPU.ActiveCfg = Release|Any CPU
		{4F838349-882A-48F1-9CB3-F34B523DB760}.Release|Any CPU.Build.0 = Release|Any CPU
	EndGlobalSection
	GlobalSection(SolutionProperties) = preSolution
		HideSolutionNode = FALSE
	EndGlobalSection
	GlobalSection(ExtensibilityGlobals) = postSolution
		SolutionGuid = {271405A7-D200-46CA-93B2-FE69AED80CCB}
	EndGlobalSection
EndGlobal
